
Microsoft Visual Studio Solution File, Format Version 12.00
# Visual Studio Version 16
VisualStudioVersion = 25.0.1705.3
MinimumVisualStudioVersion = 10.0.40219.1
Project("{FAE04EC0-301F-11D3-BF4B-00C04F79EFBC}") = "Practise1", "Practise1\Practise1.csproj", "{DBBBCE88-81D0-4B8B-A4EB-D749604F6B1E}"
EndProject
Global
	GlobalSection(SolutionConfigurationPlatforms) = preSolution
		Debug|Any CPU = Debug|Any CPU
		Release|Any CPU = Release|Any CPU
	EndGlobalSection
	GlobalSection(ProjectConfigurationPlatforms) = postSolution
		{DBBBCE88-81D0-4B8B-A4EB-D749604F6B1E}.Debug|Any CPU.ActiveCfg = Debug|Any CPU
		{DBBBCE88-81D0-4B8B-A4EB-D749604F6B1E}.Debug|Any CPU.Build.0 = Debug|Any CPU
		{DBBBCE88-81D0-4B8B-A4EB-D749604F6B1E}.Release|Any CPU.ActiveCfg = Release|Any CPU
		{DBBBCE88-81D0-4B8B-A4EB-D749604F6B1E}.Release|Any CPU.Build.0 = Release|Any CPU
	EndGlobalSection
	GlobalSection(SolutionProperties) = preSolution
		HideSolutionNode = FALSE
	EndGlobalSection
	GlobalSection(ExtensibilityGlobals) = postSolution
		SolutionGuid = {65A90CEF-59A9-4526-9757-8356368AD9CE}
	EndGlobalSection
EndGlobal
